// !$*UTF8*$!
{
	archiveVersion = 1;
	classes = {
	};
	objectVersion = 56;
	objects = {

/* Begin PBXBuildFile section */
		7B448354299596D700C4EF7C /* SpaceNewsApp.swift in Sources */ = {isa = PBXBuildFile; fileRef = 7B448353299596D700C4EF7C /* SpaceNewsApp.swift */; };
		7B448356299596D700C4EF7C /* ContentView.swift in Sources */ = {isa = PBXBuildFile; fileRef = 7B448355299596D700C4EF7C /* ContentView.swift */; };
		7B448358299596D900C4EF7C /* Assets.xcassets in Resources */ = {isa = PBXBuildFile; fileRef = 7B448357299596D900C4EF7C /* Assets.xcassets */; };
		7B44835B299596DA00C4EF7C /* Preview Assets.xcassets in Resources */ = {isa = PBXBuildFile; fileRef = 7B44835A299596DA00C4EF7C /* Preview Assets.xcassets */; };
		7B448365299596DA00C4EF7C /* SpaceNewsTests.swift in Sources */ = {isa = PBXBuildFile; fileRef = 7B448364299596DA00C4EF7C /* SpaceNewsTests.swift */; };
		7B44836F299596DA00C4EF7C /* SpaceNewsUITests.swift in Sources */ = {isa = PBXBuildFile; fileRef = 7B44836E299596DA00C4EF7C /* SpaceNewsUITests.swift */; };
		7B448371299596DA00C4EF7C /* SpaceNewsUITestsLaunchTests.swift in Sources */ = {isa = PBXBuildFile; fileRef = 7B448370299596DA00C4EF7C /* SpaceNewsUITestsLaunchTests.swift */; };
		7B44837F299597EF00C4EF7C /* CachedAsyncImage in Frameworks */ = {isa = PBXBuildFile; productRef = 7B44837E299597EF00C4EF7C /* CachedAsyncImage */; };
		7B448383299598C700C4EF7C /* APIClient.swift in Sources */ = {isa = PBXBuildFile; fileRef = 7B448382299598C700C4EF7C /* APIClient.swift */; };
		7B500CCC2996691D00E72D15 /* NewsView.swift in Sources */ = {isa = PBXBuildFile; fileRef = 7B500CCB2996691D00E72D15 /* NewsView.swift */; };
		7B500CCE29966B1100E72D15 /* NewsArticle.swift in Sources */ = {isa = PBXBuildFile; fileRef = 7B500CCD29966B1100E72D15 /* NewsArticle.swift */; };
/* End PBXBuildFile section */

/* Begin PBXContainerItemProxy section */
		7B448361299596DA00C4EF7C /* PBXContainerItemProxy */ = {
			isa = PBXContainerItemProxy;
			containerPortal = 7B448348299596D700C4EF7C /* Project object */;
			proxyType = 1;
			remoteGlobalIDString = 7B44834F299596D700C4EF7C;
			remoteInfo = SpaceNews;
		};
		7B44836B299596DA00C4EF7C /* PBXContainerItemProxy */ = {
			isa = PBXContainerItemProxy;
			containerPortal = 7B448348299596D700C4EF7C /* Project object */;
			proxyType = 1;
			remoteGlobalIDString = 7B44834F299596D700C4EF7C;
			remoteInfo = SpaceNews;
		};
/* End PBXContainerItemProxy section */

/* Begin PBXFileReference section */
		7B448350299596D700C4EF7C /* SpaceNews.app */ = {isa = PBXFileReference; explicitFileType = wrapper.application; includeInIndex = 0; path = SpaceNews.app; sourceTree = BUILT_PRODUCTS_DIR; };
		7B448353299596D700C4EF7C /* SpaceNewsApp.swift */ = {isa = PBXFileReference; lastKnownFileType = sourcecode.swift; path = SpaceNewsApp.swift; sourceTree = "<group>"; };
		7B448355299596D700C4EF7C /* ContentView.swift */ = {isa = PBXFileReference; lastKnownFileType = sourcecode.swift; path = ContentView.swift; sourceTree = "<group>"; };
		7B448357299596D900C4EF7C /* Assets.xcassets */ = {isa = PBXFileReference; lastKnownFileType = folder.assetcatalog; path = Assets.xcassets; sourceTree = "<group>"; };
		7B44835A299596DA00C4EF7C /* Preview Assets.xcassets */ = {isa = PBXFileReference; lastKnownFileType = folder.assetcatalog; path = "Preview Assets.xcassets"; sourceTree = "<group>"; };
		7B448360299596DA00C4EF7C /* SpaceNewsTests.xctest */ = {isa = PBXFileReference; explicitFileType = wrapper.cfbundle; includeInIndex = 0; path = SpaceNewsTests.xctest; sourceTree = BUILT_PRODUCTS_DIR; };
		7B448364299596DA00C4EF7C /* SpaceNewsTests.swift */ = {isa = PBXFileReference; lastKnownFileType = sourcecode.swift; path = SpaceNewsTests.swift; sourceTree = "<group>"; };
		7B44836A299596DA00C4EF7C /* SpaceNewsUITests.xctest */ = {isa = PBXFileReference; explicitFileType = wrapper.cfbundle; includeInIndex = 0; path = SpaceNewsUITests.xctest; sourceTree = BUILT_PRODUCTS_DIR; };
		7B44836E299596DA00C4EF7C /* SpaceNewsUITests.swift */ = {isa = PBXFileReference; lastKnownFileType = sourcecode.swift; path = SpaceNewsUITests.swift; sourceTree = "<group>"; };
		7B448370299596DA00C4EF7C /* SpaceNewsUITestsLaunchTests.swift */ = {isa = PBXFileReference; lastKnownFileType = sourcecode.swift; path = SpaceNewsUITestsLaunchTests.swift; sourceTree = "<group>"; };
		7B448382299598C700C4EF7C /* APIClient.swift */ = {isa = PBXFileReference; lastKnownFileType = sourcecode.swift; path = APIClient.swift; sourceTree = "<group>"; };
		7B500CCB2996691D00E72D15 /* NewsView.swift */ = {isa = PBXFileReference; lastKnownFileType = sourcecode.swift; path = NewsView.swift; sourceTree = "<group>"; };
		7B500CCD29966B1100E72D15 /* NewsArticle.swift */ = {isa = PBXFileReference; lastKnownFileType = sourcecode.swift; path = NewsArticle.swift; sourceTree = "<group>"; };
/* End PBXFileReference section */

/* Begin PBXFrameworksBuildPhase section */
		7B44834D299596D700C4EF7C /* Frameworks */ = {
			isa = PBXFrameworksBuildPhase;
			buildActionMask = 2147483647;
			files = (
				7B44837F299597EF00C4EF7C /* CachedAsyncImage in Frameworks */,
			);
			runOnlyForDeploymentPostprocessing = 0;
		};
		7B44835D299596DA00C4EF7C /* Frameworks */ = {
			isa = PBXFrameworksBuildPhase;
			buildActionMask = 2147483647;
			files = (
			);
			runOnlyForDeploymentPostprocessing = 0;
		};
		7B448367299596DA00C4EF7C /* Frameworks */ = {
			isa = PBXFrameworksBuildPhase;
			buildActionMask = 2147483647;
			files = (
			);
			runOnlyForDeploymentPostprocessing = 0;
		};
/* End PBXFrameworksBuildPhase section */

/* Begin PBXGroup section */
		7B448347299596D700C4EF7C = {
			isa = PBXGroup;
			children = (
				7B448352299596D700C4EF7C /* SpaceNews */,
				7B448363299596DA00C4EF7C /* SpaceNewsTests */,
				7B44836D299596DA00C4EF7C /* SpaceNewsUITests */,
				7B448351299596D700C4EF7C /* Products */,
			);
			sourceTree = "<group>";
		};
		7B448351299596D700C4EF7C /* Products */ = {
			isa = PBXGroup;
			children = (
				7B448350299596D700C4EF7C /* SpaceNews.app */,
				7B448360299596DA00C4EF7C /* SpaceNewsTests.xctest */,
				7B44836A299596DA00C4EF7C /* SpaceNewsUITests.xctest */,
			);
			name = Products;
			sourceTree = "<group>";
		};
		7B448352299596D700C4EF7C /* SpaceNews */ = {
			isa = PBXGroup;
			children = (
				7B4483812995989100C4EF7C /* Views */,
				7B4483802995988A00C4EF7C /* API */,
				7B448353299596D700C4EF7C /* SpaceNewsApp.swift */,
				7B448357299596D900C4EF7C /* Assets.xcassets */,
				7B448359299596DA00C4EF7C /* Preview Content */,
			);
			path = SpaceNews;
			sourceTree = "<group>";
		};
		7B448359299596DA00C4EF7C /* Preview Content */ = {
			isa = PBXGroup;
			children = (
				7B44835A299596DA00C4EF7C /* Preview Assets.xcassets */,
			);
			path = "Preview Content";
			sourceTree = "<group>";
		};
		7B448363299596DA00C4EF7C /* SpaceNewsTests */ = {
			isa = PBXGroup;
			children = (
				7B448364299596DA00C4EF7C /* SpaceNewsTests.swift */,
			);
			path = SpaceNewsTests;
			sourceTree = "<group>";
		};
		7B44836D299596DA00C4EF7C /* SpaceNewsUITests */ = {
			isa = PBXGroup;
			children = (
				7B44836E299596DA00C4EF7C /* SpaceNewsUITests.swift */,
				7B448370299596DA00C4EF7C /* SpaceNewsUITestsLaunchTests.swift */,
			);
			path = SpaceNewsUITests;
			sourceTree = "<group>";
		};
		7B4483802995988A00C4EF7C /* API */ = {
			isa = PBXGroup;
			children = (
				7B448382299598C700C4EF7C /* APIClient.swift */,
			);
			path = API;
			sourceTree = "<group>";
		};
		7B4483812995989100C4EF7C /* Views */ = {
			isa = PBXGroup;
			children = (
				7B448355299596D700C4EF7C /* ContentView.swift */,
				7B500CCB2996691D00E72D15 /* NewsView.swift */,
				7B500CCD29966B1100E72D15 /* NewsArticle.swift */,
			);
			path = Views;
			sourceTree = "<group>";
		};
/* End PBXGroup section */

/* Begin PBXNativeTarget section */
		7B44834F299596D700C4EF7C /* SpaceNews */ = {
			isa = PBXNativeTarget;
			buildConfigurationList = 7B448374299596DA00C4EF7C /* Build configuration list for PBXNativeTarget "SpaceNews" */;
			buildPhases = (
				7B44834C299596D700C4EF7C /* Sources */,
				7B44834D299596D700C4EF7C /* Frameworks */,
				7B44834E299596D700C4EF7C /* Resources */,
			);
			buildRules = (
			);
			dependencies = (
			);
			name = SpaceNews;
			packageProductDependencies = (
				7B44837E299597EF00C4EF7C /* CachedAsyncImage */,
			);
			productName = SpaceNews;
			productReference = 7B448350299596D700C4EF7C /* SpaceNews.app */;
			productType = "com.apple.product-type.application";
		};
		7B44835F299596DA00C4EF7C /* SpaceNewsTests */ = {
			isa = PBXNativeTarget;
			buildConfigurationList = 7B448377299596DA00C4EF7C /* Build configuration list for PBXNativeTarget "SpaceNewsTests" */;
			buildPhases = (
				7B44835C299596DA00C4EF7C /* Sources */,
				7B44835D299596DA00C4EF7C /* Frameworks */,
				7B44835E299596DA00C4EF7C /* Resources */,
			);
			buildRules = (
			);
			dependencies = (
				7B448362299596DA00C4EF7C /* PBXTargetDependency */,
			);
			name = SpaceNewsTests;
			productName = SpaceNewsTests;
			productReference = 7B448360299596DA00C4EF7C /* SpaceNewsTests.xctest */;
			productType = "com.apple.product-type.bundle.unit-test";
		};
		7B448369299596DA00C4EF7C /* SpaceNewsUITests */ = {
			isa = PBXNativeTarget;
			buildConfigurationList = 7B44837A299596DA00C4EF7C /* Build configuration list for PBXNativeTarget "SpaceNewsUITests" */;
			buildPhases = (
				7B448366299596DA00C4EF7C /* Sources */,
				7B448367299596DA00C4EF7C /* Frameworks */,
				7B448368299596DA00C4EF7C /* Resources */,
			);
			buildRules = (
			);
			dependencies = (
				7B44836C299596DA00C4EF7C /* PBXTargetDependency */,
			);
			name = SpaceNewsUITests;
			productName = SpaceNewsUITests;
			productReference = 7B44836A299596DA00C4EF7C /* SpaceNewsUITests.xctest */;
			productType = "com.apple.product-type.bundle.ui-testing";
		};
/* End PBXNativeTarget section */

/* Begin PBXProject section */
		7B448348299596D700C4EF7C /* Project object */ = {
			isa = PBXProject;
			attributes = {
				BuildIndependentTargetsInParallel = 1;
				LastSwiftUpdateCheck = 1420;
				LastUpgradeCheck = 1420;
				TargetAttributes = {
					7B44834F299596D700C4EF7C = {
						CreatedOnToolsVersion = 14.2;
					};
					7B44835F299596DA00C4EF7C = {
						CreatedOnToolsVersion = 14.2;
						TestTargetID = 7B44834F299596D700C4EF7C;
					};
					7B448369299596DA00C4EF7C = {
						CreatedOnToolsVersion = 14.2;
						TestTargetID = 7B44834F299596D700C4EF7C;
					};
				};
			};
			buildConfigurationList = 7B44834B299596D700C4EF7C /* Build configuration list for PBXProject "SpaceNews" */;
			compatibilityVersion = "Xcode 14.0";
			developmentRegion = en;
			hasScannedForEncodings = 0;
			knownRegions = (
				en,
				Base,
			);
			mainGroup = 7B448347299596D700C4EF7C;
			packageReferences = (
				7B44837D299597EF00C4EF7C /* XCRemoteSwiftPackageReference "swiftui-cached-async-image" */,
			);
			productRefGroup = 7B448351299596D700C4EF7C /* Products */;
			projectDirPath = "";
			projectRoot = "";
			targets = (
				7B44834F299596D700C4EF7C /* SpaceNews */,
				7B44835F299596DA00C4EF7C /* SpaceNewsTests */,
				7B448369299596DA00C4EF7C /* SpaceNewsUITests */,
			);
		};
/* End PBXProject section */

/* Begin PBXResourcesBuildPhase section */
		7B44834E299596D700C4EF7C /* Resources */ = {
			isa = PBXResourcesBuildPhase;
			buildActionMask = 2147483647;
			files = (
				7B44835B299596DA00C4EF7C /* Preview Assets.xcassets in Resources */,
				7B448358299596D900C4EF7C /* Assets.xcassets in Resources */,
			);
			runOnlyForDeploymentPostprocessing = 0;
		};
		7B44835E299596DA00C4EF7C /* Resources */ = {
			isa = PBXResourcesBuildPhase;
			buildActionMask = 2147483647;
			files = (
			);
			runOnlyForDeploymentPostprocessing = 0;
		};
		7B448368299596DA00C4EF7C /* Resources */ = {
			isa = PBXResourcesBuildPhase;
			buildActionMask = 2147483647;
			files = (
			);
			runOnlyForDeploymentPostprocessing = 0;
		};
/* End PBXResourcesBuildPhase section */

/* Begin PBXSourcesBuildPhase section */
		7B44834C299596D700C4EF7C /* Sources */ = {
			isa = PBXSourcesBuildPhase;
			buildActionMask = 2147483647;
			files = (
				7B448356299596D700C4EF7C /* ContentView.swift in Sources */,
				7B500CCC2996691D00E72D15 /* NewsView.swift in Sources */,
				7B448354299596D700C4EF7C /* SpaceNewsApp.swift in Sources */,
				7B500CCE29966B1100E72D15 /* NewsArticle.swift in Sources */,
				7B448383299598C700C4EF7C /* APIClient.swift in Sources */,
			);
			runOnlyForDeploymentPostprocessing = 0;
		};
		7B44835C299596DA00C4EF7C /* Sources */ = {
			isa = PBXSourcesBuildPhase;
			buildActionMask = 2147483647;
			files = (
				7B448365299596DA00C4EF7C /* SpaceNewsTests.swift in Sources */,
			);
			runOnlyForDeploymentPostprocessing = 0;
		};
		7B448366299596DA00C4EF7C /* Sources */ = {
			isa = PBXSourcesBuildPhase;
			buildActionMask = 2147483647;
			files = (
				7B448371299596DA00C4EF7C /* SpaceNewsUITestsLaunchTests.swift in Sources */,
				7B44836F299596DA00C4EF7C /* SpaceNewsUITests.swift in Sources */,
			);
			runOnlyForDeploymentPostprocessing = 0;
		};
/* End PBXSourcesBuildPhase section */

/* Begin PBXTargetDependency section */
		7B448362299596DA00C4EF7C /* PBXTargetDependency */ = {
			isa = PBXTargetDependency;
			target = 7B44834F299596D700C4EF7C /* SpaceNews */;
			targetProxy = 7B448361299596DA00C4EF7C /* PBXContainerItemProxy */;
		};
		7B44836C299596DA00C4EF7C /* PBXTargetDependency */ = {
			isa = PBXTargetDependency;
			target = 7B44834F299596D700C4EF7C /* SpaceNews */;
			targetProxy = 7B44836B299596DA00C4EF7C /* PBXContainerItemProxy */;
		};
/* End PBXTargetDependency section */

/* Begin XCBuildConfiguration section */
		7B448372299596DA00C4EF7C /* Debug */ = {
			isa = XCBuildConfiguration;
			buildSettings = {
				ALWAYS_SEARCH_USER_PATHS = NO;
				CLANG_ANALYZER_NONNULL = YES;
				CLANG_ANALYZER_NUMBER_OBJECT_CONVERSION = YES_AGGRESSIVE;
				CLANG_CXX_LANGUAGE_STANDARD = "gnu++20";
				CLANG_ENABLE_MODULES = YES;
				CLANG_ENABLE_OBJC_ARC = YES;
				CLANG_ENABLE_OBJC_WEAK = YES;
				CLANG_WARN_BLOCK_CAPTURE_AUTORELEASING = YES;
				CLANG_WARN_BOOL_CONVERSION = YES;
				CLANG_WARN_COMMA = YES;
				CLANG_WARN_CONSTANT_CONVERSION = YES;
				CLANG_WARN_DEPRECATED_OBJC_IMPLEMENTATIONS = YES;
				CLANG_WARN_DIRECT_OBJC_ISA_USAGE = YES_ERROR;
				CLANG_WARN_DOCUMENTATION_COMMENTS = YES;
				CLANG_WARN_EMPTY_BODY = YES;
				CLANG_WARN_ENUM_CONVERSION = YES;
				CLANG_WARN_INFINITE_RECURSION = YES;
				CLANG_WARN_INT_CONVERSION = YES;
				CLANG_WARN_NON_LITERAL_NULL_CONVERSION = YES;
				CLANG_WARN_OBJC_IMPLICIT_RETAIN_SELF = YES;
				CLANG_WARN_OBJC_LITERAL_CONVERSION = YES;
				CLANG_WARN_OBJC_ROOT_CLASS = YES_ERROR;
				CLANG_WARN_QUOTED_INCLUDE_IN_FRAMEWORK_HEADER = YES;
				CLANG_WARN_RANGE_LOOP_ANALYSIS = YES;
				CLANG_WARN_STRICT_PROTOTYPES = YES;
				CLANG_WARN_SUSPICIOUS_MOVE = YES;
				CLANG_WARN_UNGUARDED_AVAILABILITY = YES_AGGRESSIVE;
				CLANG_WARN_UNREACHABLE_CODE = YES;
				CLANG_WARN__DUPLICATE_METHOD_MATCH = YES;
				COPY_PHASE_STRIP = NO;
				DEBUG_INFORMATION_FORMAT = dwarf;
				ENABLE_STRICT_OBJC_MSGSEND = YES;
				ENABLE_TESTABILITY = YES;
				GCC_C_LANGUAGE_STANDARD = gnu11;
				GCC_DYNAMIC_NO_PIC = NO;
				GCC_NO_COMMON_BLOCKS = YES;
				GCC_OPTIMIZATION_LEVEL = 0;
				GCC_PREPROCESSOR_DEFINITIONS = (
					"DEBUG=1",
					"$(inherited)",
				);
				GCC_WARN_64_TO_32_BIT_CONVERSION = YES;
				GCC_WARN_ABOUT_RETURN_TYPE = YES_ERROR;
				GCC_WARN_UNDECLARED_SELECTOR = YES;
				GCC_WARN_UNINITIALIZED_AUTOS = YES_AGGRESSIVE;
				GCC_WARN_UNUSED_FUNCTION = YES;
				GCC_WARN_UNUSED_VARIABLE = YES;
				IPHONEOS_DEPLOYMENT_TARGET = 16.2;
				MTL_ENABLE_DEBUG_INFO = INCLUDE_SOURCE;
				MTL_FAST_MATH = YES;
				ONLY_ACTIVE_ARCH = YES;
				SDKROOT = iphoneos;
				SWIFT_ACTIVE_COMPILATION_CONDITIONS = DEBUG;
				SWIFT_OPTIMIZATION_LEVEL = "-Onone";
			};
			name = Debug;
		};
		7B448373299596DA00C4EF7C /* Release */ = {
			isa = XCBuildConfiguration;
			buildSettings = {
				ALWAYS_SEARCH_USER_PATHS = NO;
				CLANG_ANALYZER_NONNULL = YES;
				CLANG_ANALYZER_NUMBER_OBJECT_CONVERSION = YES_AGGRESSIVE;
				CLANG_CXX_LANGUAGE_STANDARD = "gnu++20";
				CLANG_ENABLE_MODULES = YES;
				CLANG_ENABLE_OBJC_ARC = YES;
				CLANG_ENABLE_OBJC_WEAK = YES;
				CLANG_WARN_BLOCK_CAPTURE_AUTORELEASING = YES;
				CLANG_WARN_BOOL_CONVERSION = YES;
				CLANG_WARN_COMMA = YES;
				CLANG_WARN_CONSTANT_CONVERSION = YES;
				CLANG_WARN_DEPRECATED_OBJC_IMPLEMENTATIONS = YES;
				CLANG_WARN_DIRECT_OBJC_ISA_USAGE = YES_ERROR;
				CLANG_WARN_DOCUMENTATION_COMMENTS = YES;
				CLANG_WARN_EMPTY_BODY = YES;
				CLANG_WARN_ENUM_CONVERSION = YES;
				CLANG_WARN_INFINITE_RECURSION = YES;
				CLANG_WARN_INT_CONVERSION = YES;
				CLANG_WARN_NON_LITERAL_NULL_CONVERSION = YES;
				CLANG_WARN_OBJC_IMPLICIT_RETAIN_SELF = YES;
				CLANG_WARN_OBJC_LITERAL_CONVERSION = YES;
				CLANG_WARN_OBJC_ROOT_CLASS = YES_ERROR;
				CLANG_WARN_QUOTED_INCLUDE_IN_FRAMEWORK_HEADER = YES;
				CLANG_WARN_RANGE_LOOP_ANALYSIS = YES;
				CLANG_WARN_STRICT_PROTOTYPES = YES;
				CLANG_WARN_SUSPICIOUS_MOVE = YES;
				CLANG_WARN_UNGUARDED_AVAILABILITY = YES_AGGRESSIVE;
				CLANG_WARN_UNREACHABLE_CODE = YES;
				CLANG_WARN__DUPLICATE_METHOD_MATCH = YES;
				COPY_PHASE_STRIP = NO;
				DEBUG_INFORMATION_FORMAT = "dwarf-with-dsym";
				ENABLE_NS_ASSERTIONS = NO;
				ENABLE_STRICT_OBJC_MSGSEND = YES;
				GCC_C_LANGUAGE_STANDARD = gnu11;
				GCC_NO_COMMON_BLOCKS = YES;
				GCC_WARN_64_TO_32_BIT_CONVERSION = YES;
				GCC_WARN_ABOUT_RETURN_TYPE = YES_ERROR;
				GCC_WARN_UNDECLARED_SELECTOR = YES;
				GCC_WARN_UNINITIALIZED_AUTOS = YES_AGGRESSIVE;
				GCC_WARN_UNUSED_FUNCTION = YES;
				GCC_WARN_UNUSED_VARIABLE = YES;
				IPHONEOS_DEPLOYMENT_TARGET = 16.2;
				MTL_ENABLE_DEBUG_INFO = NO;
				MTL_FAST_MATH = YES;
				SDKROOT = iphoneos;
				SWIFT_COMPILATION_MODE = wholemodule;
				SWIFT_OPTIMIZATION_LEVEL = "-O";
				VALIDATE_PRODUCT = YES;
			};
			name = Release;
		};
		7B448375299596DA00C4EF7C /* Debug */ = {
			isa = XCBuildConfiguration;
			buildSettings = {
				ASSETCATALOG_COMPILER_APPICON_NAME = AppIcon;
				ASSETCATALOG_COMPILER_GLOBAL_ACCENT_COLOR_NAME = AccentColor;
				CODE_SIGN_STYLE = Automatic;
				CURRENT_PROJECT_VERSION = 1;
				DEVELOPMENT_ASSET_PATHS = "\"SpaceNews/Preview Content\"";
				DEVELOPMENT_TEAM = XRR5P3RD3X;
				ENABLE_PREVIEWS = YES;
				GENERATE_INFOPLIST_FILE = YES;
				INFOPLIST_KEY_UIApplicationSceneManifest_Generation = YES;
				INFOPLIST_KEY_UIApplicationSupportsIndirectInputEvents = YES;
				INFOPLIST_KEY_UILaunchScreen_Generation = YES;
				INFOPLIST_KEY_UISupportedInterfaceOrientations_iPad = "UIInterfaceOrientationPortrait UIInterfaceOrientationPortraitUpsideDown UIInterfaceOrientationLandscapeLeft UIInterfaceOrientationLandscapeRight";
				INFOPLIST_KEY_UISupportedInterfaceOrientations_iPhone = "UIInterfaceOrientationPortrait UIInterfaceOrientationLandscapeLeft UIInterfaceOrientationLandscapeRight";
				LD_RUNPATH_SEARCH_PATHS = (
					"$(inherited)",
					"@executable_path/Frameworks",
				);
				MARKETING_VERSION = 1.0;
				PRODUCT_BUNDLE_IDENTIFIER = abdullahkaraboga.SpaceNews;
				PRODUCT_NAME = "$(TARGET_NAME)";
				SWIFT_EMIT_LOC_STRINGS = YES;
				SWIFT_VERSION = 5.0;
				TARGETED_DEVICE_FAMILY = "1,2";
			};
			name = Debug;
		};
		7B448376299596DA00C4EF7C /* Release */ = {
			isa = XCBuildConfiguration;
			buildSettings = {
				ASSETCATALOG_COMPILER_APPICON_NAME = AppIcon;
				ASSETCATALOG_COMPILER_GLOBAL_ACCENT_COLOR_NAME = AccentColor;
				CODE_SIGN_STYLE = Automatic;
				CURRENT_PROJECT_VERSION = 1;
				DEVELOPMENT_ASSET_PATHS = "\"SpaceNews/Preview Content\"";
				DEVELOPMENT_TEAM = XRR5P3RD3X;
				ENABLE_PREVIEWS = YES;
				GENERATE_INFOPLIST_FILE = YES;
				INFOPLIST_KEY_UIApplicationSceneManifest_Generation = YES;
				INFOPLIST_KEY_UIApplicationSupportsIndirectInputEvents = YES;
				INFOPLIST_KEY_UILaunchScreen_Generation = YES;
				INFOPLIST_KEY_UISupportedInterfaceOrientations_iPad = "UIInterfaceOrientationPortrait UIInterfaceOrientationPortraitUpsideDown UIInterfaceOrientationLandscapeLeft UIInterfaceOrientationLandscapeRight";
				INFOPLIST_KEY_UISupportedInterfaceOrientations_iPhone = "UIInterfaceOrientationPortrait UIInterfaceOrientationLandscapeLeft UIInterfaceOrientationLandscapeRight";
				LD_RUNPATH_SEARCH_PATHS = (
					"$(inherited)",
					"@executable_path/Frameworks",
				);
				MARKETING_VERSION = 1.0;
				PRODUCT_BUNDLE_IDENTIFIER = abdullahkaraboga.SpaceNews;
				PRODUCT_NAME = "$(TARGET_NAME)";
				SWIFT_EMIT_LOC_STRINGS = YES;
				SWIFT_VERSION = 5.0;
				TARGETED_DEVICE_FAMILY = "1,2";
			};
			name = Release;
		};
		7B448378299596DA00C4EF7C /* Debug */ = {
			isa = XCBuildConfiguration;
			buildSettings = {
				ALWAYS_EMBED_SWIFT_STANDARD_LIBRARIES = YES;
				BUNDLE_LOADER = "$(TEST_HOST)";
				CODE_SIGN_STYLE = Automatic;
				CURRENT_PROJECT_VERSION = 1;
				DEVELOPMENT_TEAM = XRR5P3RD3X;
				GENERATE_INFOPLIST_FILE = YES;
				IPHONEOS_DEPLOYMENT_TARGET = 16.2;
				MARKETING_VERSION = 1.0;
				PRODUCT_BUNDLE_IDENTIFIER = abdullahkaraboga.SpaceNewsTests;
				PRODUCT_NAME = "$(TARGET_NAME)";
				SWIFT_EMIT_LOC_STRINGS = NO;
				SWIFT_VERSION = 5.0;
				TARGETED_DEVICE_FAMILY = "1,2";
				TEST_HOST = "$(BUILT_PRODUCTS_DIR)/SpaceNews.app/$(BUNDLE_EXECUTABLE_FOLDER_PATH)/SpaceNews";
			};
			name = Debug;
		};
		7B448379299596DA00C4EF7C /* Release */ = {
			isa = XCBuildConfiguration;
			buildSettings = {
				ALWAYS_EMBED_SWIFT_STANDARD_LIBRARIES = YES;
				BUNDLE_LOADER = "$(TEST_HOST)";
				CODE_SIGN_STYLE = Automatic;
				CURRENT_PROJECT_VERSION = 1;
				DEVELOPMENT_TEAM = XRR5P3RD3X;
				GENERATE_INFOPLIST_FILE = YES;
				IPHONEOS_DEPLOYMENT_TARGET = 16.2;
				MARKETING_VERSION = 1.0;
				PRODUCT_BUNDLE_IDENTIFIER = abdullahkaraboga.SpaceNewsTests;
				PRODUCT_NAME = "$(TARGET_NAME)";
				SWIFT_EMIT_LOC_STRINGS = NO;
				SWIFT_VERSION = 5.0;
				TARGETED_DEVICE_FAMILY = "1,2";
				TEST_HOST = "$(BUILT_PRODUCTS_DIR)/SpaceNews.app/$(BUNDLE_EXECUTABLE_FOLDER_PATH)/SpaceNews";
			};
			name = Release;
		};
		7B44837B299596DA00C4EF7C /* Debug */ = {
			isa = XCBuildConfiguration;
			buildSettings = {
				ALWAYS_EMBED_SWIFT_STANDARD_LIBRARIES = YES;
				CODE_SIGN_STYLE = Automatic;
				CURRENT_PROJECT_VERSION = 1;
				DEVELOPMENT_TEAM = XRR5P3RD3X;
				GENERATE_INFOPLIST_FILE = YES;
				MARKETING_VERSION = 1.0;
				PRODUCT_BUNDLE_IDENTIFIER = abdullahkaraboga.SpaceNewsUITests;
				PRODUCT_NAME = "$(TARGET_NAME)";
				SWIFT_EMIT_LOC_STRINGS = NO;
				SWIFT_VERSION = 5.0;
				TARGETED_DEVICE_FAMILY = "1,2";
				TEST_TARGET_NAME = SpaceNews;
			};
			name = Debug;
		};
		7B44837C299596DA00C4EF7C /* Release */ = {
			isa = XCBuildConfiguration;
			buildSettings = {
				ALWAYS_EMBED_SWIFT_STANDARD_LIBRARIES = YES;
				CODE_SIGN_STYLE = Automatic;
				CURRENT_PROJECT_VERSION = 1;
				DEVELOPMENT_TEAM = XRR5P3RD3X;
				GENERATE_INFOPLIST_FILE = YES;
				MARKETING_VERSION = 1.0;
				PRODUCT_BUNDLE_IDENTIFIER = abdullahkaraboga.SpaceNewsUITests;
				PRODUCT_NAME = "$(TARGET_NAME)";
				SWIFT_EMIT_LOC_STRINGS = NO;
				SWIFT_VERSION = 5.0;
				TARGETED_DEVICE_FAMILY = "1,2";
				TEST_TARGET_NAME = SpaceNews;
			};
			name = Release;
		};
/* End XCBuildConfiguration section */

/* Begin XCConfigurationList section */
		7B44834B299596D700C4EF7C /* Build configuration list for PBXProject "SpaceNews" */ = {
			isa = XCConfigurationList;
			buildConfigurations = (
				7B448372299596DA00C4EF7C /* Debug */,
				7B448373299596DA00C4EF7C /* Release */,
			);
			defaultConfigurationIsVisible = 0;
			defaultConfigurationName = Release;
		};
		7B448374299596DA00C4EF7C /* Build configuration list for PBXNativeTarget "SpaceNews" */ = {
			isa = XCConfigurationList;
			buildConfigurations = (
				7B448375299596DA00C4EF7C /* Debug */,
				7B448376299596DA00C4EF7C /* Release */,
			);
			defaultConfigurationIsVisible = 0;
			defaultConfigurationName = Release;
		};
		7B448377299596DA00C4EF7C /* Build configuration list for PBXNativeTarget "SpaceNewsTests" */ = {
			isa = XCConfigurationList;
			buildConfigurations = (
				7B448378299596DA00C4EF7C /* Debug */,
				7B448379299596DA00C4EF7C /* Release */,
			);
			defaultConfigurationIsVisible = 0;
			defaultConfigurationName = Release;
		};
		7B44837A299596DA00C4EF7C /* Build configuration list for PBXNativeTarget "SpaceNewsUITests" */ = {
			isa = XCConfigurationList;
			buildConfigurations = (
				7B44837B299596DA00C4EF7C /* Debug */,
				7B44837C299596DA00C4EF7C /* Release */,
			);
			defaultConfigurationIsVisible = 0;
			defaultConfigurationName = Release;
		};
/* End XCConfigurationList section */

/* Begin XCRemoteSwiftPackageReference section */
		7B44837D299597EF00C4EF7C /* XCRemoteSwiftPackageReference "swiftui-cached-async-image" */ = {
			isa = XCRemoteSwiftPackageReference;
			repositoryURL = "https://github.com/lorenzofiamingo/swiftui-cached-async-image.git";
			requirement = {
				kind = upToNextMajorVersion;
				minimumVersion = 2.0.0;
			};
		};
/* End XCRemoteSwiftPackageReference section */

/* Begin XCSwiftPackageProductDependency section */
		7B44837E299597EF00C4EF7C /* CachedAsyncImage */ = {
			isa = XCSwiftPackageProductDependency;
			package = 7B44837D299597EF00C4EF7C /* XCRemoteSwiftPackageReference "swiftui-cached-async-image" */;
			productName = CachedAsyncImage;
		};
/* End XCSwiftPackageProductDependency section */
	};
	rootObject = 7B448348299596D700C4EF7C /* Project object */;
}
